// !$*UTF8*$!
{
	archiveVersion = 1;
	classes = {
	};
	objectVersion = 50;
	objects = {

/* Begin PBXBuildFile section */
		9701F646251B762A002D5257 /* AlarmModel.swift in Sources */ = {isa = PBXBuildFile; fileRef = 9701F645251B762A002D5257 /* AlarmModel.swift */; };
		97739FB5251DAA3C00D0664A /* SoundVC.swift in Sources */ = {isa = PBXBuildFile; fileRef = 97739FB4251DAA3C00D0664A /* SoundVC.swift */; };
		97B23B48250E306300B0AED8 /* AppDelegate.swift in Sources */ = {isa = PBXBuildFile; fileRef = 97B23B47250E306300B0AED8 /* AppDelegate.swift */; };
		97B23B4A250E306300B0AED8 /* SceneDelegate.swift in Sources */ = {isa = PBXBuildFile; fileRef = 97B23B49250E306300B0AED8 /* SceneDelegate.swift */; };
		97B23B4C250E306300B0AED8 /* ViewController.swift in Sources */ = {isa = PBXBuildFile; fileRef = 97B23B4B250E306300B0AED8 /* ViewController.swift */; };
		97B23B54250E306400B0AED8 /* Assets.xcassets in Resources */ = {isa = PBXBuildFile; fileRef = 97B23B53250E306400B0AED8 /* Assets.xcassets */; };
		97B23B57250E306400B0AED8 /* LaunchScreen.storyboard in Resources */ = {isa = PBXBuildFile; fileRef = 97B23B55250E306400B0AED8 /* LaunchScreen.storyboard */; };
		97CB0728251997E8008B00E4 /* EditAlarmVC.swift in Sources */ = {isa = PBXBuildFile; fileRef = 97CB0727251997E8008B00E4 /* EditAlarmVC.swift */; };
		97CB072A251999B5008B00E4 /* EditAlarmCell.swift in Sources */ = {isa = PBXBuildFile; fileRef = 97CB0729251999B5008B00E4 /* EditAlarmCell.swift */; };
		97CB072D2519A1E7008B00E4 /* RepeatVC.swift in Sources */ = {isa = PBXBuildFile; fileRef = 97CB072C2519A1E7008B00E4 /* RepeatVC.swift */; };
		97CB072F2519A1FE008B00E4 /* LabelVC.swift in Sources */ = {isa = PBXBuildFile; fileRef = 97CB072E2519A1FE008B00E4 /* LabelVC.swift */; };
		97ED5A5325146967008BB7F6 /* Cell.swift in Sources */ = {isa = PBXBuildFile; fileRef = 97ED5A5225146967008BB7F6 /* Cell.swift */; };
		97ED5A5525149F46008BB7F6 /* WorldClock.swift in Sources */ = {isa = PBXBuildFile; fileRef = 97ED5A5425149F46008BB7F6 /* WorldClock.swift */; };
		97ED5A572514A5BA008BB7F6 /* AlarmVC.swift in Sources */ = {isa = PBXBuildFile; fileRef = 97ED5A562514A5BA008BB7F6 /* AlarmVC.swift */; };
		97ED5A5B2514A5E9008BB7F6 /* Timer.swift in Sources */ = {isa = PBXBuildFile; fileRef = 97ED5A5A2514A5E9008BB7F6 /* Timer.swift */; };
		97ED5A5D2514A8A5008BB7F6 /* StopWatch.swift in Sources */ = {isa = PBXBuildFile; fileRef = 97ED5A5C2514A8A5008BB7F6 /* StopWatch.swift */; };
		97ED5A632514B2A9008BB7F6 /* AlarmCell.swift in Sources */ = {isa = PBXBuildFile; fileRef = 97ED5A622514B2A9008BB7F6 /* AlarmCell.swift */; };
/* End PBXBuildFile section */

/* Begin PBXFileReference section */
		9701F645251B762A002D5257 /* AlarmModel.swift */ = {isa = PBXFileReference; lastKnownFileType = sourcecode.swift; path = AlarmModel.swift; sourceTree = "<group>"; };
		97739FB4251DAA3C00D0664A /* SoundVC.swift */ = {isa = PBXFileReference; lastKnownFileType = sourcecode.swift; path = SoundVC.swift; sourceTree = "<group>"; };
		97B23B44250E306300B0AED8 /* clock.app */ = {isa = PBXFileReference; explicitFileType = wrapper.application; includeInIndex = 0; path = clock.app; sourceTree = BUILT_PRODUCTS_DIR; };
		97B23B47250E306300B0AED8 /* AppDelegate.swift */ = {isa = PBXFileReference; lastKnownFileType = sourcecode.swift; path = AppDelegate.swift; sourceTree = "<group>"; };
		97B23B49250E306300B0AED8 /* SceneDelegate.swift */ = {isa = PBXFileReference; lastKnownFileType = sourcecode.swift; path = SceneDelegate.swift; sourceTree = "<group>"; };
		97B23B4B250E306300B0AED8 /* ViewController.swift */ = {isa = PBXFileReference; lastKnownFileType = sourcecode.swift; path = ViewController.swift; sourceTree = "<group>"; };
		97B23B53250E306400B0AED8 /* Assets.xcassets */ = {isa = PBXFileReference; lastKnownFileType = folder.assetcatalog; path = Assets.xcassets; sourceTree = "<group>"; };
		97B23B56250E306400B0AED8 /* Base */ = {isa = PBXFileReference; lastKnownFileType = file.storyboard; name = Base; path = Base.lproj/LaunchScreen.storyboard; sourceTree = "<group>"; };
		97B23B58250E306400B0AED8 /* Info.plist */ = {isa = PBXFileReference; lastKnownFileType = text.plist.xml; path = Info.plist; sourceTree = "<group>"; };
		97CB0727251997E8008B00E4 /* EditAlarmVC.swift */ = {isa = PBXFileReference; lastKnownFileType = sourcecode.swift; path = EditAlarmVC.swift; sourceTree = "<group>"; };
		97CB0729251999B5008B00E4 /* EditAlarmCell.swift */ = {isa = PBXFileReference; lastKnownFileType = sourcecode.swift; path = EditAlarmCell.swift; sourceTree = "<group>"; };
		97CB072C2519A1E7008B00E4 /* RepeatVC.swift */ = {isa = PBXFileReference; lastKnownFileType = sourcecode.swift; path = RepeatVC.swift; sourceTree = "<group>"; };
		97CB072E2519A1FE008B00E4 /* LabelVC.swift */ = {isa = PBXFileReference; lastKnownFileType = sourcecode.swift; path = LabelVC.swift; sourceTree = "<group>"; };
		97ED5A5225146967008BB7F6 /* Cell.swift */ = {isa = PBXFileReference; lastKnownFileType = sourcecode.swift; path = Cell.swift; sourceTree = "<group>"; };
		97ED5A5425149F46008BB7F6 /* WorldClock.swift */ = {isa = PBXFileReference; lastKnownFileType = sourcecode.swift; path = WorldClock.swift; sourceTree = "<group>"; };
		97ED5A562514A5BA008BB7F6 /* AlarmVC.swift */ = {isa = PBXFileReference; lastKnownFileType = sourcecode.swift; path = AlarmVC.swift; sourceTree = "<group>"; };
		97ED5A5A2514A5E9008BB7F6 /* Timer.swift */ = {isa = PBXFileReference; lastKnownFileType = sourcecode.swift; path = Timer.swift; sourceTree = "<group>"; };
		97ED5A5C2514A8A5008BB7F6 /* StopWatch.swift */ = {isa = PBXFileReference; lastKnownFileType = sourcecode.swift; path = StopWatch.swift; sourceTree = "<group>"; };
		97ED5A622514B2A9008BB7F6 /* AlarmCell.swift */ = {isa = PBXFileReference; lastKnownFileType = sourcecode.swift; path = AlarmCell.swift; sourceTree = "<group>"; };
/* End PBXFileReference section */

/* Begin PBXFrameworksBuildPhase section */
		97B23B41250E306300B0AED8 /* Frameworks */ = {
			isa = PBXFrameworksBuildPhase;
			buildActionMask = 2147483647;
			files = (
			);
			runOnlyForDeploymentPostprocessing = 0;
		};
/* End PBXFrameworksBuildPhase section */

/* Begin PBXGroup section */
		9701F63D251B7502002D5257 /* EditAlarm */ = {
			isa = PBXGroup;
			children = (
				97CB0727251997E8008B00E4 /* EditAlarmVC.swift */,
				97CB0729251999B5008B00E4 /* EditAlarmCell.swift */,
			);
			path = EditAlarm;
			sourceTree = "<group>";
		};
		9701F63F251B755A002D5257 /* AlarmMainPage */ = {
			isa = PBXGroup;
			children = (
				97ED5A562514A5BA008BB7F6 /* AlarmVC.swift */,
				97ED5A622514B2A9008BB7F6 /* AlarmCell.swift */,
				9701F645251B762A002D5257 /* AlarmModel.swift */,
			);
			path = AlarmMainPage;
			sourceTree = "<group>";
		};
		97B23B3B250E306300B0AED8 = {
			isa = PBXGroup;
			children = (
				97B23B46250E306300B0AED8 /* clock */,
				97B23B45250E306300B0AED8 /* Products */,
			);
			sourceTree = "<group>";
		};
		97B23B45250E306300B0AED8 /* Products */ = {
			isa = PBXGroup;
			children = (
				97B23B44250E306300B0AED8 /* clock.app */,
			);
			name = Products;
			sourceTree = "<group>";
		};
		97B23B46250E306300B0AED8 /* clock */ = {
			isa = PBXGroup;
			children = (
				97ED5A5E2514B1E3008BB7F6 /* AlarmPage */,
				97ED5A612514B25E008BB7F6 /* Timer */,
				97ED5A602514B237008BB7F6 /* StopWatch */,
				97B23B47250E306300B0AED8 /* AppDelegate.swift */,
				97B23B49250E306300B0AED8 /* SceneDelegate.swift */,
				97B23B4B250E306300B0AED8 /* ViewController.swift */,
				97ED5A5425149F46008BB7F6 /* WorldClock.swift */,
				97ED5A5225146967008BB7F6 /* Cell.swift */,
				97B23B53250E306400B0AED8 /* Assets.xcassets */,
				97B23B55250E306400B0AED8 /* LaunchScreen.storyboard */,
				97B23B58250E306400B0AED8 /* Info.plist */,
			);
			path = clock;
			sourceTree = "<group>";
		};
		97CB072B2519A1AA008B00E4 /* Three Options */ = {
			isa = PBXGroup;
			children = (
				97CB072C2519A1E7008B00E4 /* RepeatVC.swift */,
				97CB072E2519A1FE008B00E4 /* LabelVC.swift */,
				97739FB4251DAA3C00D0664A /* SoundVC.swift */,
			);
			path = "Three Options";
			sourceTree = "<group>";
		};
		97ED5A5E2514B1E3008BB7F6 /* AlarmPage */ = {
			isa = PBXGroup;
			children = (
				9701F63F251B755A002D5257 /* AlarmMainPage */,
				9701F63D251B7502002D5257 /* EditAlarm */,
				97CB072B2519A1AA008B00E4 /* Three Options */,
			);
			path = AlarmPage;
			sourceTree = "<group>";
		};
		97ED5A602514B237008BB7F6 /* StopWatch */ = {
			isa = PBXGroup;
			children = (
				97ED5A5C2514A8A5008BB7F6 /* StopWatch.swift */,
			);
			path = StopWatch;
			sourceTree = "<group>";
		};
		97ED5A612514B25E008BB7F6 /* Timer */ = {
			isa = PBXGroup;
			children = (
				97ED5A5A2514A5E9008BB7F6 /* Timer.swift */,
			);
			path = Timer;
			sourceTree = "<group>";
		};
/* End PBXGroup section */

/* Begin PBXNativeTarget section */
		97B23B43250E306300B0AED8 /* clock */ = {
			isa = PBXNativeTarget;
			buildConfigurationList = 97B23B5B250E306400B0AED8 /* Build configuration list for PBXNativeTarget "clock" */;
			buildPhases = (
				97B23B40250E306300B0AED8 /* Sources */,
				97B23B41250E306300B0AED8 /* Frameworks */,
				97B23B42250E306300B0AED8 /* Resources */,
			);
			buildRules = (
			);
			dependencies = (
			);
			name = clock;
			productName = clock;
			productReference = 97B23B44250E306300B0AED8 /* clock.app */;
			productType = "com.apple.product-type.application";
		};
/* End PBXNativeTarget section */

/* Begin PBXProject section */
		97B23B3C250E306300B0AED8 /* Project object */ = {
			isa = PBXProject;
			attributes = {
				LastSwiftUpdateCheck = 1160;
				LastUpgradeCheck = 1160;
				ORGANIZATIONNAME = KuanYu;
				TargetAttributes = {
					97B23B43250E306300B0AED8 = {
						CreatedOnToolsVersion = 11.6;
					};
				};
			};
			buildConfigurationList = 97B23B3F250E306300B0AED8 /* Build configuration list for PBXProject "clock" */;
			compatibilityVersion = "Xcode 9.3";
			developmentRegion = en;
			hasScannedForEncodings = 0;
			knownRegions = (
				en,
				Base,
			);
			mainGroup = 97B23B3B250E306300B0AED8;
			productRefGroup = 97B23B45250E306300B0AED8 /* Products */;
			projectDirPath = "";
			projectRoot = "";
			targets = (
				97B23B43250E306300B0AED8 /* clock */,
			);
		};
/* End PBXProject section */

/* Begin PBXResourcesBuildPhase section */
		97B23B42250E306300B0AED8 /* Resources */ = {
			isa = PBXResourcesBuildPhase;
			buildActionMask = 2147483647;
			files = (
				97B23B57250E306400B0AED8 /* LaunchScreen.storyboard in Resources */,
				97B23B54250E306400B0AED8 /* Assets.xcassets in Resources */,
			);
			runOnlyForDeploymentPostprocessing = 0;
		};
/* End PBXResourcesBuildPhase section */

/* Begin PBXSourcesBuildPhase section */
		97B23B40250E306300B0AED8 /* Sources */ = {
			isa = PBXSourcesBuildPhase;
			buildActionMask = 2147483647;
			files = (
				97CB072D2519A1E7008B00E4 /* RepeatVC.swift in Sources */,
				97B23B4C250E306300B0AED8 /* ViewController.swift in Sources */,
				97ED5A5325146967008BB7F6 /* Cell.swift in Sources */,
				97CB0728251997E8008B00E4 /* EditAlarmVC.swift in Sources */,
				97CB072F2519A1FE008B00E4 /* LabelVC.swift in Sources */,
				97B23B48250E306300B0AED8 /* AppDelegate.swift in Sources */,
				97ED5A5525149F46008BB7F6 /* WorldClock.swift in Sources */,
				97ED5A632514B2A9008BB7F6 /* AlarmCell.swift in Sources */,
				9701F646251B762A002D5257 /* AlarmModel.swift in Sources */,
				97B23B4A250E306300B0AED8 /* SceneDelegate.swift in Sources */,
				97ED5A5D2514A8A5008BB7F6 /* StopWatch.swift in Sources */,
				97CB072A251999B5008B00E4 /* EditAlarmCell.swift in Sources */,
				97ED5A572514A5BA008BB7F6 /* AlarmVC.swift in Sources */,
				97739FB5251DAA3C00D0664A /* SoundVC.swift in Sources */,
				97ED5A5B2514A5E9008BB7F6 /* Timer.swift in Sources */,
			);
			runOnlyForDeploymentPostprocessing = 0;
		};
/* End PBXSourcesBuildPhase section */

/* Begin PBXVariantGroup section */
		97B23B55250E306400B0AED8 /* LaunchScreen.storyboard */ = {
			isa = PBXVariantGroup;
			children = (
				97B23B56250E306400B0AED8 /* Base */,
			);
			name = LaunchScreen.storyboard;
			sourceTree = "<group>";
		};
/* End PBXVariantGroup section */

/* Begin XCBuildConfiguration section */
		97B23B59250E306400B0AED8 /* Debug */ = {
			isa = XCBuildConfiguration;
			buildSettings = {
				ALWAYS_SEARCH_USER_PATHS = NO;
				CLANG_ANALYZER_NONNULL = YES;
				CLANG_ANALYZER_NUMBER_OBJECT_CONVERSION = YES_AGGRESSIVE;
				CLANG_CXX_LANGUAGE_STANDARD = "gnu++14";
				CLANG_CXX_LIBRARY = "libc++";
				CLANG_ENABLE_MODULES = YES;
				CLANG_ENABLE_OBJC_ARC = YES;
				CLANG_ENABLE_OBJC_WEAK = YES;
				CLANG_WARN_BLOCK_CAPTURE_AUTORELEASING = YES;
				CLANG_WARN_BOOL_CONVERSION = YES;
				CLANG_WARN_COMMA = YES;
				CLANG_WARN_CONSTANT_CONVERSION = YES;
				CLANG_WARN_DEPRECATED_OBJC_IMPLEMENTATIONS = YES;
				CLANG_WARN_DIRECT_OBJC_ISA_USAGE = YES_ERROR;
				CLANG_WARN_DOCUMENTATION_COMMENTS = YES;
				CLANG_WARN_EMPTY_BODY = YES;
				CLANG_WARN_ENUM_CONVERSION = YES;
				CLANG_WARN_INFINITE_RECURSION = YES;
				CLANG_WARN_INT_CONVERSION = YES;
				CLANG_WARN_NON_LITERAL_NULL_CONVERSION = YES;
				CLANG_WARN_OBJC_IMPLICIT_RETAIN_SELF = YES;
				CLANG_WARN_OBJC_LITERAL_CONVERSION = YES;
				CLANG_WARN_OBJC_ROOT_CLASS = YES_ERROR;
				CLANG_WARN_RANGE_LOOP_ANALYSIS = YES;
				CLANG_WARN_STRICT_PROTOTYPES = YES;
				CLANG_WARN_SUSPICIOUS_MOVE = YES;
				CLANG_WARN_UNGUARDED_AVAILABILITY = YES_AGGRESSIVE;
				CLANG_WARN_UNREACHABLE_CODE = YES;
				CLANG_WARN__DUPLICATE_METHOD_MATCH = YES;
				COPY_PHASE_STRIP = NO;
				DEBUG_INFORMATION_FORMAT = dwarf;
				ENABLE_STRICT_OBJC_MSGSEND = YES;
				ENABLE_TESTABILITY = YES;
				GCC_C_LANGUAGE_STANDARD = gnu11;
				GCC_DYNAMIC_NO_PIC = NO;
				GCC_NO_COMMON_BLOCKS = YES;
				GCC_OPTIMIZATION_LEVEL = 0;
				GCC_PREPROCESSOR_DEFINITIONS = (
					"DEBUG=1",
					"$(inherited)",
				);
				GCC_WARN_64_TO_32_BIT_CONVERSION = YES;
				GCC_WARN_ABOUT_RETURN_TYPE = YES_ERROR;
				GCC_WARN_UNDECLARED_SELECTOR = YES;
				GCC_WARN_UNINITIALIZED_AUTOS = YES_AGGRESSIVE;
				GCC_WARN_UNUSED_FUNCTION = YES;
				GCC_WARN_UNUSED_VARIABLE = YES;
				IPHONEOS_DEPLOYMENT_TARGET = 13.6;
				MTL_ENABLE_DEBUG_INFO = INCLUDE_SOURCE;
				MTL_FAST_MATH = YES;
				ONLY_ACTIVE_ARCH = YES;
				SDKROOT = iphoneos;
				SWIFT_ACTIVE_COMPILATION_CONDITIONS = DEBUG;
				SWIFT_OPTIMIZATION_LEVEL = "-Onone";
			};
			name = Debug;
		};
		97B23B5A250E306400B0AED8 /* Release */ = {
			isa = XCBuildConfiguration;
			buildSettings = {
				ALWAYS_SEARCH_USER_PATHS = NO;
				CLANG_ANALYZER_NONNULL = YES;
				CLANG_ANALYZER_NUMBER_OBJECT_CONVERSION = YES_AGGRESSIVE;
				CLANG_CXX_LANGUAGE_STANDARD = "gnu++14";
				CLANG_CXX_LIBRARY = "libc++";
				CLANG_ENABLE_MODULES = YES;
				CLANG_ENABLE_OBJC_ARC = YES;
				CLANG_ENABLE_OBJC_WEAK = YES;
				CLANG_WARN_BLOCK_CAPTURE_AUTORELEASING = YES;
				CLANG_WARN_BOOL_CONVERSION = YES;
				CLANG_WARN_COMMA = YES;
				CLANG_WARN_CONSTANT_CONVERSION = YES;
				CLANG_WARN_DEPRECATED_OBJC_IMPLEMENTATIONS = YES;
				CLANG_WARN_DIRECT_OBJC_ISA_USAGE = YES_ERROR;
				CLANG_WARN_DOCUMENTATION_COMMENTS = YES;
				CLANG_WARN_EMPTY_BODY = YES;
				CLANG_WARN_ENUM_CONVERSION = YES;
				CLANG_WARN_INFINITE_RECURSION = YES;
				CLANG_WARN_INT_CONVERSION = YES;
				CLANG_WARN_NON_LITERAL_NULL_CONVERSION = YES;
				CLANG_WARN_OBJC_IMPLICIT_RETAIN_SELF = YES;
				CLANG_WARN_OBJC_LITERAL_CONVERSION = YES;
				CLANG_WARN_OBJC_ROOT_CLASS = YES_ERROR;
				CLANG_WARN_RANGE_LOOP_ANALYSIS = YES;
				CLANG_WARN_STRICT_PROTOTYPES = YES;
				CLANG_WARN_SUSPICIOUS_MOVE = YES;
				CLANG_WARN_UNGUARDED_AVAILABILITY = YES_AGGRESSIVE;
				CLANG_WARN_UNREACHABLE_CODE = YES;
				CLANG_WARN__DUPLICATE_METHOD_MATCH = YES;
				COPY_PHASE_STRIP = NO;
				DEBUG_INFORMATION_FORMAT = "dwarf-with-dsym";
				ENABLE_NS_ASSERTIONS = NO;
				ENABLE_STRICT_OBJC_MSGSEND = YES;
				GCC_C_LANGUAGE_STANDARD = gnu11;
				GCC_NO_COMMON_BLOCKS = YES;
				GCC_WARN_64_TO_32_BIT_CONVERSION = YES;
				GCC_WARN_ABOUT_RETURN_TYPE = YES_ERROR;
				GCC_WARN_UNDECLARED_SELECTOR = YES;
				GCC_WARN_UNINITIALIZED_AUTOS = YES_AGGRESSIVE;
				GCC_WARN_UNUSED_FUNCTION = YES;
				GCC_WARN_UNUSED_VARIABLE = YES;
				IPHONEOS_DEPLOYMENT_TARGET = 13.6;
				MTL_ENABLE_DEBUG_INFO = NO;
				MTL_FAST_MATH = YES;
				SDKROOT = iphoneos;
				SWIFT_COMPILATION_MODE = wholemodule;
				SWIFT_OPTIMIZATION_LEVEL = "-O";
				VALIDATE_PRODUCT = YES;
			};
			name = Release;
		};
		97B23B5C250E306400B0AED8 /* Debug */ = {
			isa = XCBuildConfiguration;
			buildSettings = {
				ASSETCATALOG_COMPILER_APPICON_NAME = AppIcon;
				CODE_SIGN_STYLE = Automatic;
				DEVELOPMENT_TEAM = 924JRRG5DX;
				INFOPLIST_FILE = clock/Info.plist;
				LD_RUNPATH_SEARCH_PATHS = (
					"$(inherited)",
					"@executable_path/Frameworks",
				);
				PRODUCT_BUNDLE_IDENTIFIER = KuanYu.clock;
				PRODUCT_NAME = "$(TARGET_NAME)";
				SWIFT_VERSION = 5.0;
				TARGETED_DEVICE_FAMILY = "1,2";
			};
			name = Debug;
		};
		97B23B5D250E306400B0AED8 /* Release */ = {
			isa = XCBuildConfiguration;
			buildSettings = {
				ASSETCATALOG_COMPILER_APPICON_NAME = AppIcon;
				CODE_SIGN_STYLE = Automatic;
				DEVELOPMENT_TEAM = 924JRRG5DX;
				INFOPLIST_FILE = clock/Info.plist;
				LD_RUNPATH_SEARCH_PATHS = (
					"$(inherited)",
					"@executable_path/Frameworks",
				);
				PRODUCT_BUNDLE_IDENTIFIER = KuanYu.clock;
				PRODUCT_NAME = "$(TARGET_NAME)";
				SWIFT_VERSION = 5.0;
				TARGETED_DEVICE_FAMILY = "1,2";
			};
			name = Release;
		};
/* End XCBuildConfiguration section */

/* Begin XCConfigurationList section */
		97B23B3F250E306300B0AED8 /* Build configuration list for PBXProject "clock" */ = {
			isa = XCConfigurationList;
			buildConfigurations = (
				97B23B59250E306400B0AED8 /* Debug */,
				97B23B5A250E306400B0AED8 /* Release */,
			);
			defaultConfigurationIsVisible = 0;
			defaultConfigurationName = Release;
		};
		97B23B5B250E306400B0AED8 /* Build configuration list for PBXNativeTarget "clock" */ = {
			isa = XCConfigurationList;
			buildConfigurations = (
				97B23B5C250E306400B0AED8 /* Debug */,
				97B23B5D250E306400B0AED8 /* Release */,
			);
			defaultConfigurationIsVisible = 0;
			defaultConfigurationName = Release;
		};
/* End XCConfigurationList section */
	};
	rootObject = 97B23B3C250E306300B0AED8 /* Project object */;
}
